// !$*UTF8*$!
{
	archiveVersion = 1;
	classes = {
	};
	objectVersion = 46;
	objects = {

/* Begin PBXBuildFile section */
		BF65DE971E1145AC00F994DB /* AppDelegate.swift in Sources */ = {isa = PBXBuildFile; fileRef = BF65DE961E1145AC00F994DB /* AppDelegate.swift */; };
		BF65DE991E1145AC00F994DB /* ViewController.swift in Sources */ = {isa = PBXBuildFile; fileRef = BF65DE981E1145AC00F994DB /* ViewController.swift */; };
		BF65DE9C1E1145AC00F994DB /* Main.storyboard in Resources */ = {isa = PBXBuildFile; fileRef = BF65DE9A1E1145AC00F994DB /* Main.storyboard */; };
		BF65DE9E1E1145AC00F994DB /* Assets.xcassets in Resources */ = {isa = PBXBuildFile; fileRef = BF65DE9D1E1145AC00F994DB /* Assets.xcassets */; };
		BF65DEA11E1145AC00F994DB /* LaunchScreen.storyboard in Resources */ = {isa = PBXBuildFile; fileRef = BF65DE9F1E1145AC00F994DB /* LaunchScreen.storyboard */; };
		BF65DEA91E11689C00F994DB /* Utils.swift in Sources */ = {isa = PBXBuildFile; fileRef = BF65DEA81E11689C00F994DB /* Utils.swift */; };
		BF65DEAB1E11889600F994DB /* DrawView.swift in Sources */ = {isa = PBXBuildFile; fileRef = BF65DEAA1E11889600F994DB /* DrawView.swift */; };
/* End PBXBuildFile section */

/* Begin PBXFileReference section */
		BF65DE931E1145AC00F994DB /* Geometry.app */ = {isa = PBXFileReference; explicitFileType = wrapper.application; includeInIndex = 0; path = Geometry.app; sourceTree = BUILT_PRODUCTS_DIR; };
		BF65DE961E1145AC00F994DB /* AppDelegate.swift */ = {isa = PBXFileReference; lastKnownFileType = sourcecode.swift; path = AppDelegate.swift; sourceTree = "<group>"; };
		BF65DE981E1145AC00F994DB /* ViewController.swift */ = {isa = PBXFileReference; lastKnownFileType = sourcecode.swift; path = ViewController.swift; sourceTree = "<group>"; };
		BF65DE9B1E1145AC00F994DB /* Base */ = {isa = PBXFileReference; lastKnownFileType = file.storyboard; name = Base; path = Base.lproj/Main.storyboard; sourceTree = "<group>"; };
		BF65DE9D1E1145AC00F994DB /* Assets.xcassets */ = {isa = PBXFileReference; lastKnownFileType = folder.assetcatalog; path = Assets.xcassets; sourceTree = "<group>"; };
		BF65DEA01E1145AC00F994DB /* Base */ = {isa = PBXFileReference; lastKnownFileType = file.storyboard; name = Base; path = Base.lproj/LaunchScreen.storyboard; sourceTree = "<group>"; };
		BF65DEA21E1145AC00F994DB /* Info.plist */ = {isa = PBXFileReference; lastKnownFileType = text.plist.xml; path = Info.plist; sourceTree = "<group>"; };
		BF65DEA81E11689C00F994DB /* Utils.swift */ = {isa = PBXFileReference; fileEncoding = 4; lastKnownFileType = sourcecode.swift; path = Utils.swift; sourceTree = "<group>"; };
		BF65DEAA1E11889600F994DB /* DrawView.swift */ = {isa = PBXFileReference; fileEncoding = 4; lastKnownFileType = sourcecode.swift; path = DrawView.swift; sourceTree = "<group>"; };
/* End PBXFileReference section */

/* Begin PBXFrameworksBuildPhase section */
		BF65DE901E1145AC00F994DB /* Frameworks */ = {
			isa = PBXFrameworksBuildPhase;
			buildActionMask = 2147483647;
			files = (
			);
			runOnlyForDeploymentPostprocessing = 0;
		};
/* End PBXFrameworksBuildPhase section */

/* Begin PBXGroup section */
		BF65DE8A1E1145AC00F994DB = {
			isa = PBXGroup;
			children = (
				BF65DE951E1145AC00F994DB /* Geometry */,
				BF65DE941E1145AC00F994DB /* Products */,
			);
			sourceTree = "<group>";
		};
		BF65DE941E1145AC00F994DB /* Products */ = {
			isa = PBXGroup;
			children = (
				BF65DE931E1145AC00F994DB /* Geometry.app */,
			);
			name = Products;
			sourceTree = "<group>";
		};
		BF65DE951E1145AC00F994DB /* Geometry */ = {
			isa = PBXGroup;
			children = (
				BF65DE961E1145AC00F994DB /* AppDelegate.swift */,
				BF65DE981E1145AC00F994DB /* ViewController.swift */,
				BF65DEA81E11689C00F994DB /* Utils.swift */,
				BF65DEAA1E11889600F994DB /* DrawView.swift */,
				BF65DE9A1E1145AC00F994DB /* Main.storyboard */,
				BF65DE9D1E1145AC00F994DB /* Assets.xcassets */,
				BF65DE9F1E1145AC00F994DB /* LaunchScreen.storyboard */,
				BF65DEA21E1145AC00F994DB /* Info.plist */,
			);
			path = Geometry;
			sourceTree = "<group>";
		};
/* End PBXGroup section */

/* Begin PBXNativeTarget section */
		BF65DE921E1145AC00F994DB /* Geometry */ = {
			isa = PBXNativeTarget;
			buildConfigurationList = BF65DEA51E1145AC00F994DB /* Build configuration list for PBXNativeTarget "Geometry" */;
			buildPhases = (
				BF65DE8F1E1145AC00F994DB /* Sources */,
				BF65DE901E1145AC00F994DB /* Frameworks */,
				BF65DE911E1145AC00F994DB /* Resources */,
			);
			buildRules = (
			);
			dependencies = (
			);
			name = Geometry;
			productName = Geometry;
			productReference = BF65DE931E1145AC00F994DB /* Geometry.app */;
			productType = "com.apple.product-type.application";
		};
/* End PBXNativeTarget section */

/* Begin PBXProject section */
		BF65DE8B1E1145AC00F994DB /* Project object */ = {
			isa = PBXProject;
			attributes = {
				LastSwiftUpdateCheck = 0810;
				LastUpgradeCheck = 0810;
				ORGANIZATIONNAME = "Jimmy Hoang";
				TargetAttributes = {
					BF65DE921E1145AC00F994DB = {
						CreatedOnToolsVersion = 8.1;
						DevelopmentTeam = GDY7XCAX4D;
						ProvisioningStyle = Automatic;
					};
				};
			};
			buildConfigurationList = BF65DE8E1E1145AC00F994DB /* Build configuration list for PBXProject "Geometry" */;
			compatibilityVersion = "Xcode 3.2";
			developmentRegion = English;
			hasScannedForEncodings = 0;
			knownRegions = (
				en,
				Base,
			);
			mainGroup = BF65DE8A1E1145AC00F994DB;
			productRefGroup = BF65DE941E1145AC00F994DB /* Products */;
			projectDirPath = "";
			projectRoot = "";
			targets = (
				BF65DE921E1145AC00F994DB /* Geometry */,
			);
		};
/* End PBXProject section */

/* Begin PBXResourcesBuildPhase section */
		BF65DE911E1145AC00F994DB /* Resources */ = {
			isa = PBXResourcesBuildPhase;
			buildActionMask = 2147483647;
			files = (
				BF65DEA11E1145AC00F994DB /* LaunchScreen.storyboard in Resources */,
				BF65DE9E1E1145AC00F994DB /* Assets.xcassets in Resources */,
				BF65DE9C1E1145AC00F994DB /* Main.storyboard in Resources */,
			);
			runOnlyForDeploymentPostprocessing = 0;
		};
/* End PBXResourcesBuildPhase section */

/* Begin PBXSourcesBuildPhase section */
		BF65DE8F1E1145AC00F994DB /* Sources */ = {
			isa = PBXSourcesBuildPhase;
			buildActionMask = 2147483647;
			files = (
				BF65DE991E1145AC00F994DB /* ViewController.swift in Sources */,
				BF65DE971E1145AC00F994DB /* AppDelegate.swift in Sources */,
				BF65DEAB1E11889600F994DB /* DrawView.swift in Sources */,
				BF65DEA91E11689C00F994DB /* Utils.swift in Sources */,
			);
			runOnlyForDeploymentPostprocessing = 0;
		};
/* End PBXSourcesBuildPhase section */

/* Begin PBXVariantGroup section */
		BF65DE9A1E1145AC00F994DB /* Main.storyboard */ = {
			isa = PBXVariantGroup;
			children = (
				BF65DE9B1E1145AC00F994DB /* Base */,
			);
			name = Main.storyboard;
			sourceTree = "<group>";
		};
		BF65DE9F1E1145AC00F994DB /* LaunchScreen.storyboard */ = {
			isa = PBXVariantGroup;
			children = (
				BF65DEA01E1145AC00F994DB /* Base */,
			);
			name = LaunchScreen.storyboard;
			sourceTree = "<group>";
		};
/* End PBXVariantGroup section */

/* Begin XCBuildConfiguration section */
		BF65DEA31E1145AC00F994DB /* Debug */ = {
			isa = XCBuildConfiguration;
			buildSettings = {
				ALWAYS_SEARCH_USER_PATHS = NO;
				CLANG_ANALYZER_NONNULL = YES;
				CLANG_CXX_LANGUAGE_STANDARD = "gnu++0x";
				CLANG_CXX_LIBRARY = "libc++";
				CLANG_ENABLE_MODULES = YES;
				CLANG_ENABLE_OBJC_ARC = YES;
				CLANG_WARN_BOOL_CONVERSION = YES;
				CLANG_WARN_CONSTANT_CONVERSION = YES;
				CLANG_WARN_DIRECT_OBJC_ISA_USAGE = YES_ERROR;
				CLANG_WARN_DOCUMENTATION_COMMENTS = YES;
				CLANG_WARN_EMPTY_BODY = YES;
				CLANG_WARN_ENUM_CONVERSION = YES;
				CLANG_WARN_INFINITE_RECURSION = YES;
				CLANG_WARN_INT_CONVERSION = YES;
				CLANG_WARN_OBJC_ROOT_CLASS = YES_ERROR;
				CLANG_WARN_SUSPICIOUS_MOVES = YES;
				CLANG_WARN_UNREACHABLE_CODE = YES;
				CLANG_WARN__DUPLICATE_METHOD_MATCH = YES;
				"CODE_SIGN_IDENTITY[sdk=iphoneos*]" = "iPhone Developer";
				COPY_PHASE_STRIP = NO;
				DEBUG_INFORMATION_FORMAT = dwarf;
				ENABLE_STRICT_OBJC_MSGSEND = YES;
				ENABLE_TESTABILITY = YES;
				GCC_C_LANGUAGE_STANDARD = gnu99;
				GCC_DYNAMIC_NO_PIC = NO;
				GCC_NO_COMMON_BLOCKS = YES;
				GCC_OPTIMIZATION_LEVEL = 0;
				GCC_PREPROCESSOR_DEFINITIONS = (
					"DEBUG=1",
					"$(inherited)",
				);
				GCC_WARN_64_TO_32_BIT_CONVERSION = YES;
				GCC_WARN_ABOUT_RETURN_TYPE = YES_ERROR;
				GCC_WARN_UNDECLARED_SELECTOR = YES;
				GCC_WARN_UNINITIALIZED_AUTOS = YES_AGGRESSIVE;
				GCC_WARN_UNUSED_FUNCTION = YES;
				GCC_WARN_UNUSED_VARIABLE = YES;
				IPHONEOS_DEPLOYMENT_TARGET = 10.1;
				MTL_ENABLE_DEBUG_INFO = YES;
				ONLY_ACTIVE_ARCH = YES;
				SDKROOT = iphoneos;
				SWIFT_ACTIVE_COMPILATION_CONDITIONS = DEBUG;
				SWIFT_OPTIMIZATION_LEVEL = "-Onone";
				TARGETED_DEVICE_FAMILY = "1,2";
			};
			name = Debug;
		};
		BF65DEA41E1145AC00F994DB /* Release */ = {
			isa = XCBuildConfiguration;
			buildSettings = {
				ALWAYS_SEARCH_USER_PATHS = NO;
				CLANG_ANALYZER_NONNULL = YES;
				CLANG_CXX_LANGUAGE_STANDARD = "gnu++0x";
				CLANG_CXX_LIBRARY = "libc++";
				CLANG_ENABLE_MODULES = YES;
				CLANG_ENABLE_OBJC_ARC = YES;
				CLANG_WARN_BOOL_CONVERSION = YES;
				CLANG_WARN_CONSTANT_CONVERSION = YES;
				CLANG_WARN_DIRECT_OBJC_ISA_USAGE = YES_ERROR;
				CLANG_WARN_DOCUMENTATION_COMMENTS = YES;
				CLANG_WARN_EMPTY_BODY = YES;
				CLANG_WARN_ENUM_CONVERSION = YES;
				CLANG_WARN_INFINITE_RECURSION = YES;
				CLANG_WARN_INT_CONVERSION = YES;
				CLANG_WARN_OBJC_ROOT_CLASS = YES_ERROR;
				CLANG_WARN_SUSPICIOUS_MOVES = YES;
				CLANG_WARN_UNREACHABLE_CODE = YES;
				CLANG_WARN__DUPLICATE_METHOD_MATCH = YES;
				"CODE_SIGN_IDENTITY[sdk=iphoneos*]" = "iPhone Developer";
				COPY_PHASE_STRIP = NO;
				DEBUG_INFORMATION_FORMAT = "dwarf-with-dsym";
				ENABLE_NS_ASSERTIONS = NO;
				ENABLE_STRICT_OBJC_MSGSEND = YES;
				GCC_C_LANGUAGE_STANDARD = gnu99;
				GCC_NO_COMMON_BLOCKS = YES;
				GCC_WARN_64_TO_32_BIT_CONVERSION = YES;
				GCC_WARN_ABOUT_RETURN_TYPE = YES_ERROR;
				GCC_WARN_UNDECLARED_SELECTOR = YES;
				GCC_WARN_UNINITIALIZED_AUTOS = YES_AGGRESSIVE;
				GCC_WARN_UNUSED_FUNCTION = YES;
				GCC_WARN_UNUSED_VARIABLE = YES;
				IPHONEOS_DEPLOYMENT_TARGET = 10.1;
				MTL_ENABLE_DEBUG_INFO = NO;
				SDKROOT = iphoneos;
				SWIFT_OPTIMIZATION_LEVEL = "-Owholemodule";
				TARGETED_DEVICE_FAMILY = "1,2";
				VALIDATE_PRODUCT = YES;
			};
			name = Release;
		};
		BF65DEA61E1145AC00F994DB /* Debug */ = {
			isa = XCBuildConfiguration;
			buildSettings = {
				ASSETCATALOG_COMPILER_APPICON_NAME = AppIcon;
				DEVELOPMENT_TEAM = GDY7XCAX4D;
				INFOPLIST_FILE = Geometry/Info.plist;
				LD_RUNPATH_SEARCH_PATHS = "$(inherited) @executable_path/Frameworks";
				PRODUCT_BUNDLE_IDENTIFIER = jimmy.Geometry;
				PRODUCT_NAME = "$(TARGET_NAME)";
				SWIFT_VERSION = 3.0;
			};
			name = Debug;
		};
		BF65DEA71E1145AC00F994DB /* Release */ = {
			isa = XCBuildConfiguration;
			buildSettings = {
				ASSETCATALOG_COMPILER_APPICON_NAME = AppIcon;
				DEVELOPMENT_TEAM = GDY7XCAX4D;
				INFOPLIST_FILE = Geometry/Info.plist;
				LD_RUNPATH_SEARCH_PATHS = "$(inherited) @executable_path/Frameworks";
				PRODUCT_BUNDLE_IDENTIFIER = jimmy.Geometry;
				PRODUCT_NAME = "$(TARGET_NAME)";
				SWIFT_VERSION = 3.0;
			};
			name = Release;
		};
/* End XCBuildConfiguration section */

/* Begin XCConfigurationList section */
		BF65DE8E1E1145AC00F994DB /* Build configuration list for PBXProject "Geometry" */ = {
			isa = XCConfigurationList;
			buildConfigurations = (
				BF65DEA31E1145AC00F994DB /* Debug */,
				BF65DEA41E1145AC00F994DB /* Release */,
			);
			defaultConfigurationIsVisible = 0;
			defaultConfigurationName = Release;
		};
		BF65DEA51E1145AC00F994DB /* Build configuration list for PBXNativeTarget "Geometry" */ = {
			isa = XCConfigurationList;
			buildConfigurations = (
				BF65DEA61E1145AC00F994DB /* Debug */,
				BF65DEA71E1145AC00F994DB /* Release */,
			);
			defaultConfigurationIsVisible = 0;
			defaultConfigurationName = Release;
		};
/* End XCConfigurationList section */
	};
	rootObject = BF65DE8B1E1145AC00F994DB /* Project object */;
}
